{
  "name": "attodom",
  "version": "0.2.0",
  "lockfileVersion": 1,
  "dependencies": {
    "another-rollup-watch": {
      "version": "3.9.1",
      "resolved": "https://registry.npmjs.org/another-rollup-watch/-/another-rollup-watch-3.9.1.tgz",
      "integrity": "sha1-DLB0Q4xfW2LzHSP/w2HAcN0Ue+Q=",
      "dev": true
    },
    "ansi-styles": {
      "version": "2.0.1",
      "resolved": "https://registry.npmjs.org/ansi-styles/-/ansi-styles-2.0.1.tgz",
      "integrity": "sha1-sDP1f5Pi0oreuLwRE4+hPaD9IKM=",
      "dev": true
    },
    "anymatch": {
      "version": "https://registry.npmjs.org/anymatch/-/anymatch-1.3.0.tgz",
      "integrity": "sha1-o+Uvo5FoyCX/V7AkgSbOWo/5VQc=",
      "dev": true
    },
    "arr-diff": {
      "version": "https://registry.npmjs.org/arr-diff/-/arr-diff-2.0.0.tgz",
      "integrity": "sha1-jzuCf5Vai9ZpaX5KQlasPOrjVs8=",
      "dev": true
    },
    "arr-flatten": {
      "version": "https://registry.npmjs.org/arr-flatten/-/arr-flatten-1.0.3.tgz",
      "integrity": "sha1-onTthawIhJtr14R8RYB0XcUa37E=",
      "dev": true
    },
    "array-unique": {
      "version": "https://registry.npmjs.org/array-unique/-/array-unique-0.2.1.tgz",
      "integrity": "sha1-odl8yvy8JiXMcPrc6zalDFiwGlM=",
      "dev": true
    },
    "arrify": {
      "version": "https://registry.npmjs.org/arrify/-/arrify-1.0.1.tgz",
      "integrity": "sha1-iYUI2iIm84DfkEcoRWhJwVAaSw0=",
      "dev": true
    },
    "async-each": {
      "version": "http://localhost:4873/async-each/-/async-each-1.0.1.tgz",
      "integrity": "sha1-GdOGodntxufByF04iu28xW0zYC0=",
      "dev": true
    },
    "balanced-match": {
      "version": "http://localhost:4873/balanced-match/-/balanced-match-0.4.2.tgz",
      "integrity": "sha1-yz8+PHMtwPAe5wtAPzAuYddwmDg=",
      "dev": true
    },
    "binary-extensions": {
      "version": "https://registry.npmjs.org/binary-extensions/-/binary-extensions-1.8.0.tgz",
      "integrity": "sha1-SOyNFt9Dd+rl+liEaCSAr02Vx3Q=",
      "dev": true
    },
    "body": {
      "version": "5.1.0",
      "resolved": "https://registry.npmjs.org/body/-/body-5.1.0.tgz",
      "integrity": "sha1-5LoM5BCkaTYyM2dgnstOZVMSUGk=",
      "dev": true
    },
    "brace-expansion": {
      "version": "https://registry.npmjs.org/brace-expansion/-/brace-expansion-1.1.7.tgz",
      "integrity": "sha1-Pv/DxQ4ABTH7cg6v+A8K6O8jz1k=",
      "dev": true
    },
    "braces": {
      "version": "http://localhost:4873/braces/-/braces-1.8.5.tgz",
      "integrity": "sha1-uneWLhLf+WnWt2cR6RS3N4V79qc=",
      "dev": true
    },
    "buffer-shims": {
      "version": "http://localhost:4873/buffer-shims/-/buffer-shims-1.0.0.tgz",
      "integrity": "sha1-mXjOMXOIxkmth5MCjDR37wRKi1E=",
      "dev": true
    },
    "bytes": {
      "version": "1.0.0",
      "resolved": "https://registry.npmjs.org/bytes/-/bytes-1.0.0.tgz",
      "integrity": "sha1-NWnt6Lo0MV+rmcPpLLBMciDeH6g=",
      "dev": true
    },
    "chokidar": {
      "version": "https://registry.npmjs.org/chokidar/-/chokidar-1.7.0.tgz",
      "integrity": "sha1-eY5ol3gVHIB2tLNg5e3SjNortGg=",
      "dev": true
    },
    "concat-map": {
      "version": "https://registry.npmjs.org/concat-map/-/concat-map-0.0.1.tgz",
      "integrity": "sha1-2Klr13/Wjfd5OnMDajug1UBdR3s=",
      "dev": true
    },
    "connect-pushstate": {
      "version": "1.1.0",
      "resolved": "https://registry.npmjs.org/connect-pushstate/-/connect-pushstate-1.1.0.tgz",
      "integrity": "sha1-vKsiQnHEOWBKD7D2FMCl9WPojiQ=",
      "dev": true
    },
    "continuable-cache": {
      "version": "0.3.1",
      "resolved": "https://registry.npmjs.org/continuable-cache/-/continuable-cache-0.3.1.tgz",
      "integrity": "sha1-vXJ6f67XfnH/OYWskzUakSczrQ8=",
      "dev": true
    },
    "core-util-is": {
      "version": "https://registry.npmjs.org/core-util-is/-/core-util-is-1.0.2.tgz",
      "integrity": "sha1-tf1UIgqivFq1eqtxQMlAdUUDwac=",
      "dev": true
    },
    "cotest": {
      "version": "https://registry.npmjs.org/cotest/-/cotest-2.1.1.tgz",
      "integrity": "sha1-771p/nN/Td+eJihoHIFFnO5ektU=",
      "dev": true
    },
    "debug": {
      "version": "2.6.8",
      "resolved": "https://registry.npmjs.org/debug/-/debug-2.6.8.tgz",
      "integrity": "sha1-5zFTHKLt4n0YgiJCfaF4IdaP9Pw=",
      "dev": true
    },
    "depd": {
      "version": "1.1.0",
      "resolved": "https://registry.npmjs.org/depd/-/depd-1.1.0.tgz",
      "integrity": "sha1-4b2Cxqq2ztlluXuIsX7T5SjKGMM=",
      "dev": true
    },
    "destroy": {
      "version": "1.0.4",
      "resolved": "https://registry.npmjs.org/destroy/-/destroy-1.0.4.tgz",
      "integrity": "sha1-l4hXRCxEdJ5CBmE+N5RiBYJqvYA=",
      "dev": true
    },
    "ee-first": {
      "version": "1.1.1",
      "resolved": "https://registry.npmjs.org/ee-first/-/ee-first-1.1.1.tgz",
      "integrity": "sha1-WQxhFWsK4vTwJVcyoViyZrxWsh0=",
      "dev": true
    },
    "encodeurl": {
      "version": "1.0.1",
      "resolved": "https://registry.npmjs.org/encodeurl/-/encodeurl-1.0.1.tgz",
      "integrity": "sha1-eePVhlU0aQn+bw9Fpd5oEDspTSA=",
      "dev": true
    },
    "error": {
      "version": "7.0.2",
      "resolved": "https://registry.npmjs.org/error/-/error-7.0.2.tgz",
      "integrity": "sha1-pfdf/02ZJhJt2sDqXcOOaJFTywI=",
      "dev": true
    },
    "escape-html": {
      "version": "1.0.3",
      "resolved": "https://registry.npmjs.org/escape-html/-/escape-html-1.0.3.tgz",
      "integrity": "sha1-Aljq5NPQwJdN4cFpGI7wBR0dGYg=",
      "dev": true
    },
    "etag": {
      "version": "1.8.0",
      "resolved": "https://registry.npmjs.org/etag/-/etag-1.8.0.tgz",
      "integrity": "sha1-b2Ma7zNtbEY2K1F2QETOIWvjwFE=",
      "dev": true
    },
    "expand-brackets": {
      "version": "https://registry.npmjs.org/expand-brackets/-/expand-brackets-0.1.5.tgz",
      "integrity": "sha1-3wcoTjQqgHzXM6xa9yQR5YHRF3s=",
      "dev": true
    },
    "expand-range": {
      "version": "http://localhost:4873/expand-range/-/expand-range-1.8.2.tgz",
      "integrity": "sha1-opnv/TNf4nIeuujiV+x5ZE/IUzc=",
      "dev": true
    },
    "extglob": {
      "version": "https://registry.npmjs.org/extglob/-/extglob-0.3.2.tgz",
      "integrity": "sha1-Lhj/PS9JqydlzskCPwEdqo2DSaE=",
      "dev": true
    },
    "faye-websocket": {
      "version": "0.10.0",
      "resolved": "https://registry.npmjs.org/faye-websocket/-/faye-websocket-0.10.0.tgz",
      "integrity": "sha1-TkkvjQTftviQA1B/btvy1QHnxvQ=",
      "dev": true
    },
    "filename-regex": {
      "version": "https://registry.npmjs.org/filename-regex/-/filename-regex-2.0.1.tgz",
      "integrity": "sha1-wcS5vuPglyXdsQa3XB4wH+LxiyY=",
      "dev": true
    },
    "fill-range": {
      "version": "https://registry.npmjs.org/fill-range/-/fill-range-2.2.3.tgz",
      "integrity": "sha1-ULd9/X5Gm8dJJHCWNpn+eoSFpyM=",
      "dev": true
    },
    "for-in": {
      "version": "https://registry.npmjs.org/for-in/-/for-in-1.0.2.tgz",
      "integrity": "sha1-gQaNKVqBQuwKxybG4iAMMPttXoA=",
      "dev": true
    },
    "for-own": {
      "version": "https://registry.npmjs.org/for-own/-/for-own-0.1.5.tgz",
      "integrity": "sha1-UmXGgaTylNq78XyVCbZ2OqhFEM4=",
      "dev": true
    },
    "fresh": {
      "version": "0.5.0",
      "resolved": "https://registry.npmjs.org/fresh/-/fresh-0.5.0.tgz",
      "integrity": "sha1-9HTKXmqSRtb9jglTz6m5yAWvp44=",
      "dev": true
    },
    "fsevents": {
      "version": "1.1.1",
      "resolved": "https://registry.npmjs.org/fsevents/-/fsevents-1.1.1.tgz",
      "integrity": "sha1-8Z/Sj0Pur3YWgOUZogPE0LPTGv8=",
      "dev": true,
      "optional": true,
      "dependencies": {
        "abbrev": {
          "version": "1.1.0",
          "bundled": true,
          "dev": true,
          "optional": true
        },
        "ansi-regex": {
          "version": "2.1.1",
          "bundled": true,
          "dev": true
        },
        "ansi-styles": {
          "version": "2.2.1",
          "bundled": true,
          "dev": true,
          "optional": true
        },
        "aproba": {
          "version": "1.1.1",
          "bundled": true,
          "dev": true,
          "optional": true
        },
        "are-we-there-yet": {
          "version": "1.1.2",
          "bundled": true,
          "dev": true,
          "optional": true
        },
        "asn1": {
          "version": "0.2.3",
          "bundled": true,
          "dev": true,
          "optional": true
        },
        "assert-plus": {
          "version": "0.2.0",
          "bundled": true,
          "dev": true,
          "optional": true
        },
        "asynckit": {
          "version": "0.4.0",
          "bundled": true,
          "dev": true,
          "optional": true
        },
        "aws-sign2": {
          "version": "0.6.0",
          "bundled": true,
          "dev": true,
          "optional": true
        },
        "aws4": {
          "version": "1.6.0",
          "bundled": true,
          "dev": true,
          "optional": true
        },
        "balanced-match": {
          "version": "0.4.2",
          "bundled": true,
          "dev": true
        },
        "bcrypt-pbkdf": {
          "version": "1.0.1",
          "bundled": true,
          "dev": true,
          "optional": true
        },
        "block-stream": {
          "version": "0.0.9",
          "bundled": true,
          "dev": true
        },
        "boom": {
          "version": "2.10.1",
          "bundled": true,
          "dev": true
        },
        "brace-expansion": {
          "version": "1.1.6",
          "bundled": true,
          "dev": true
        },
        "buffer-shims": {
          "version": "1.0.0",
          "bundled": true,
          "dev": true
        },
        "caseless": {
          "version": "0.11.0",
          "bundled": true,
          "dev": true,
          "optional": true
        },
        "chalk": {
          "version": "1.1.3",
          "bundled": true,
          "dev": true,
          "optional": true
        },
        "code-point-at": {
          "version": "1.1.0",
          "bundled": true,
          "dev": true
        },
        "combined-stream": {
          "version": "1.0.5",
          "bundled": true,
          "dev": true
        },
        "commander": {
          "version": "2.9.0",
          "bundled": true,
          "dev": true,
          "optional": true
        },
        "concat-map": {
          "version": "0.0.1",
          "bundled": true,
          "dev": true
        },
        "console-control-strings": {
          "version": "1.1.0",
          "bundled": true,
          "dev": true
        },
        "core-util-is": {
          "version": "1.0.2",
          "bundled": true,
          "dev": true
        },
        "cryptiles": {
          "version": "2.0.5",
          "bundled": true,
          "dev": true,
          "optional": true
        },
        "dashdash": {
          "version": "1.14.1",
          "bundled": true,
          "dev": true,
          "optional": true,
          "dependencies": {
            "assert-plus": {
              "version": "1.0.0",
              "bundled": true,
              "dev": true,
              "optional": true
            }
          }
        },
        "debug": {
          "version": "2.2.0",
          "bundled": true,
          "dev": true,
          "optional": true
        },
        "deep-extend": {
          "version": "0.4.1",
          "bundled": true,
          "dev": true,
          "optional": true
        },
        "delayed-stream": {
          "version": "1.0.0",
          "bundled": true,
          "dev": true
        },
        "delegates": {
          "version": "1.0.0",
          "bundled": true,
          "dev": true,
          "optional": true
        },
        "ecc-jsbn": {
          "version": "0.1.1",
          "bundled": true,
          "dev": true,
          "optional": true
        },
        "escape-string-regexp": {
          "version": "1.0.5",
          "bundled": true,
          "dev": true,
          "optional": true
        },
        "extend": {
          "version": "3.0.0",
          "bundled": true,
          "dev": true,
          "optional": true
        },
        "extsprintf": {
          "version": "1.0.2",
          "bundled": true,
          "dev": true
        },
        "forever-agent": {
          "version": "0.6.1",
          "bundled": true,
          "dev": true,
          "optional": true
        },
        "form-data": {
          "version": "2.1.2",
          "bundled": true,
          "dev": true,
          "optional": true
        },
        "fs.realpath": {
          "version": "1.0.0",
          "bundled": true,
          "dev": true
        },
        "fstream": {
          "version": "1.0.10",
          "bundled": true,
          "dev": true
        },
        "fstream-ignore": {
          "version": "1.0.5",
          "bundled": true,
          "dev": true,
          "optional": true
        },
        "gauge": {
          "version": "2.7.3",
          "bundled": true,
          "dev": true,
          "optional": true
        },
        "generate-function": {
          "version": "2.0.0",
          "bundled": true,
          "dev": true,
          "optional": true
        },
        "generate-object-property": {
          "version": "1.2.0",
          "bundled": true,
          "dev": true,
          "optional": true
        },
        "getpass": {
          "version": "0.1.6",
          "bundled": true,
          "dev": true,
          "optional": true,
          "dependencies": {
            "assert-plus": {
              "version": "1.0.0",
              "bundled": true,
              "dev": true,
              "optional": true
            }
          }
        },
        "glob": {
          "version": "7.1.1",
          "bundled": true,
          "dev": true
        },
        "graceful-fs": {
          "version": "4.1.11",
          "bundled": true,
          "dev": true
        },
        "graceful-readlink": {
          "version": "1.0.1",
          "bundled": true,
          "dev": true,
          "optional": true
        },
        "har-validator": {
          "version": "2.0.6",
          "bundled": true,
          "dev": true,
          "optional": true
        },
        "has-ansi": {
          "version": "2.0.0",
          "bundled": true,
          "dev": true,
          "optional": true
        },
        "has-unicode": {
          "version": "2.0.1",
          "bundled": true,
          "dev": true,
          "optional": true
        },
        "hawk": {
          "version": "3.1.3",
          "bundled": true,
          "dev": true,
          "optional": true
        },
        "hoek": {
          "version": "2.16.3",
          "bundled": true,
          "dev": true
        },
        "http-signature": {
          "version": "1.1.1",
          "bundled": true,
          "dev": true,
          "optional": true
        },
        "inflight": {
          "version": "1.0.6",
          "bundled": true,
          "dev": true
        },
        "inherits": {
          "version": "2.0.3",
          "bundled": true,
          "dev": true
        },
        "ini": {
          "version": "1.3.4",
          "bundled": true,
          "dev": true,
          "optional": true
        },
        "is-fullwidth-code-point": {
          "version": "1.0.0",
          "bundled": true,
          "dev": true
        },
        "is-my-json-valid": {
          "version": "2.15.0",
          "bundled": true,
          "dev": true,
          "optional": true
        },
        "is-property": {
          "version": "1.0.2",
          "bundled": true,
          "dev": true,
          "optional": true
        },
        "is-typedarray": {
          "version": "1.0.0",
          "bundled": true,
          "dev": true,
          "optional": true
        },
        "isarray": {
          "version": "1.0.0",
          "bundled": true,
          "dev": true
        },
        "isstream": {
          "version": "0.1.2",
          "bundled": true,
          "dev": true,
          "optional": true
        },
        "jodid25519": {
          "version": "1.0.2",
          "bundled": true,
          "dev": true,
          "optional": true
        },
        "jsbn": {
          "version": "0.1.1",
          "bundled": true,
          "dev": true,
          "optional": true
        },
        "json-schema": {
          "version": "0.2.3",
          "bundled": true,
          "dev": true,
          "optional": true
        },
        "json-stringify-safe": {
          "version": "5.0.1",
          "bundled": true,
          "dev": true,
          "optional": true
        },
        "jsonpointer": {
          "version": "4.0.1",
          "bundled": true,
          "dev": true,
          "optional": true
        },
        "jsprim": {
          "version": "1.3.1",
          "bundled": true,
          "dev": true,
          "optional": true
        },
        "mime-db": {
          "version": "1.26.0",
          "bundled": true,
          "dev": true
        },
        "mime-types": {
          "version": "2.1.14",
          "bundled": true,
          "dev": true
        },
        "minimatch": {
          "version": "3.0.3",
          "bundled": true,
          "dev": true
        },
        "minimist": {
          "version": "0.0.8",
          "bundled": true,
          "dev": true
        },
        "mkdirp": {
          "version": "0.5.1",
          "bundled": true,
          "dev": true
        },
        "ms": {
          "version": "0.7.1",
          "bundled": true,
          "dev": true,
          "optional": true
        },
        "node-pre-gyp": {
          "version": "0.6.33",
          "bundled": true,
          "dev": true,
          "optional": true
        },
        "nopt": {
          "version": "3.0.6",
          "bundled": true,
          "dev": true,
          "optional": true
        },
        "npmlog": {
          "version": "4.0.2",
          "bundled": true,
          "dev": true,
          "optional": true
        },
        "number-is-nan": {
          "version": "1.0.1",
          "bundled": true,
          "dev": true
        },
        "oauth-sign": {
          "version": "0.8.2",
          "bundled": true,
          "dev": true,
          "optional": true
        },
        "object-assign": {
          "version": "4.1.1",
          "bundled": true,
          "dev": true,
          "optional": true
        },
        "once": {
          "version": "1.4.0",
          "bundled": true,
          "dev": true
        },
        "path-is-absolute": {
          "version": "1.0.1",
          "bundled": true,
          "dev": true
        },
        "pinkie": {
          "version": "2.0.4",
          "bundled": true,
          "dev": true,
          "optional": true
        },
        "pinkie-promise": {
          "version": "2.0.1",
          "bundled": true,
          "dev": true,
          "optional": true
        },
        "process-nextick-args": {
          "version": "1.0.7",
          "bundled": true,
          "dev": true
        },
        "punycode": {
          "version": "1.4.1",
          "bundled": true,
          "dev": true,
          "optional": true
        },
        "qs": {
          "version": "6.3.1",
          "bundled": true,
          "dev": true,
          "optional": true
        },
        "rc": {
          "version": "1.1.7",
          "bundled": true,
          "dev": true,
          "optional": true,
          "dependencies": {
            "minimist": {
              "version": "1.2.0",
              "bundled": true,
              "dev": true,
              "optional": true
            }
          }
        },
        "readable-stream": {
          "version": "2.2.2",
          "bundled": true,
          "dev": true,
          "optional": true
        },
        "request": {
          "version": "2.79.0",
          "bundled": true,
          "dev": true,
          "optional": true
        },
        "rimraf": {
          "version": "2.5.4",
          "bundled": true,
          "dev": true
        },
        "semver": {
          "version": "5.3.0",
          "bundled": true,
          "dev": true,
          "optional": true
        },
        "set-blocking": {
          "version": "2.0.0",
          "bundled": true,
          "dev": true,
          "optional": true
        },
        "signal-exit": {
          "version": "3.0.2",
          "bundled": true,
          "dev": true,
          "optional": true
        },
        "sntp": {
          "version": "1.0.9",
          "bundled": true,
          "dev": true,
          "optional": true
        },
        "sshpk": {
          "version": "1.10.2",
          "bundled": true,
          "dev": true,
          "optional": true,
          "dependencies": {
            "assert-plus": {
              "version": "1.0.0",
              "bundled": true,
              "dev": true,
              "optional": true
            }
          }
        },
        "string_decoder": {
          "version": "0.10.31",
          "bundled": true,
          "dev": true
        },
        "string-width": {
          "version": "1.0.2",
          "bundled": true,
          "dev": true
        },
        "stringstream": {
          "version": "0.0.5",
          "bundled": true,
          "dev": true,
          "optional": true
        },
        "strip-ansi": {
          "version": "3.0.1",
          "bundled": true,
          "dev": true
        },
        "strip-json-comments": {
          "version": "2.0.1",
          "bundled": true,
          "dev": true,
          "optional": true
        },
        "supports-color": {
          "version": "2.0.0",
          "bundled": true,
          "dev": true,
          "optional": true
        },
        "tar": {
          "version": "2.2.1",
          "bundled": true,
          "dev": true
        },
        "tar-pack": {
          "version": "3.3.0",
          "bundled": true,
          "dev": true,
          "optional": true,
          "dependencies": {
            "once": {
              "version": "1.3.3",
              "bundled": true,
              "dev": true,
              "optional": true
            },
            "readable-stream": {
              "version": "2.1.5",
              "bundled": true,
              "dev": true,
              "optional": true
            }
          }
        },
        "tough-cookie": {
          "version": "2.3.2",
          "bundled": true,
          "dev": true,
          "optional": true
        },
        "tunnel-agent": {
          "version": "0.4.3",
          "bundled": true,
          "dev": true,
          "optional": true
        },
        "tweetnacl": {
          "version": "0.14.5",
          "bundled": true,
          "dev": true,
          "optional": true
        },
        "uid-number": {
          "version": "0.0.6",
          "bundled": true,
          "dev": true,
          "optional": true
        },
        "util-deprecate": {
          "version": "1.0.2",
          "bundled": true,
          "dev": true
        },
        "uuid": {
          "version": "3.0.1",
          "bundled": true,
          "dev": true,
          "optional": true
        },
        "verror": {
          "version": "1.3.6",
          "bundled": true,
          "dev": true,
          "optional": true
        },
        "wide-align": {
          "version": "1.1.0",
          "bundled": true,
          "dev": true,
          "optional": true
        },
        "wrappy": {
          "version": "1.0.2",
          "bundled": true,
          "dev": true
        },
        "xtend": {
          "version": "4.0.1",
          "bundled": true,
          "dev": true,
          "optional": true
        }
      }
    },
    "glob-base": {
      "version": "https://registry.npmjs.org/glob-base/-/glob-base-0.3.0.tgz",
      "integrity": "sha1-27Fk9iIbHAscz4Kuoyi0l98Oo8Q=",
      "dev": true
    },
    "glob-parent": {
      "version": "https://registry.npmjs.org/glob-parent/-/glob-parent-2.0.0.tgz",
      "integrity": "sha1-gTg9ctsFT8zPUzbaqQLxgvbtuyg=",
      "dev": true
    },
    "graceful-fs": {
      "version": "https://registry.npmjs.org/graceful-fs/-/graceful-fs-4.1.11.tgz",
      "integrity": "sha1-Dovf5NHduIVNZOBOp8AOKgJuVlg=",
      "dev": true
    },
    "http-errors": {
      "version": "1.6.1",
      "resolved": "https://registry.npmjs.org/http-errors/-/http-errors-1.6.1.tgz",
      "integrity": "sha1-X4uO2YrKVFZWv1cplzh/kEpyIlc=",
      "dev": true
    },
    "inherits": {
      "version": "http://localhost:4873/inherits/-/inherits-2.0.3.tgz",
      "integrity": "sha1-Yzwsg+PaQqUC9SRmAiSA9CCCYd4=",
      "dev": true
    },
    "inject-lr-script": {
      "version": "2.1.0",
      "resolved": "https://registry.npmjs.org/inject-lr-script/-/inject-lr-script-2.1.0.tgz",
      "integrity": "sha1-5htehMEYczkGy+oB7D10Zpijn2U=",
      "dev": true
    },
    "is-binary-path": {
      "version": "https://registry.npmjs.org/is-binary-path/-/is-binary-path-1.0.1.tgz",
      "integrity": "sha1-dfFmQrSA8YenEcgUFh/TpKdlWJg=",
      "dev": true
    },
    "is-buffer": {
      "version": "https://registry.npmjs.org/is-buffer/-/is-buffer-1.1.5.tgz",
      "integrity": "sha1-Hzsm72E7IUuIy8ojzGwB2Hlh7sw=",
      "dev": true
    },
    "is-dotfile": {
      "version": "https://registry.npmjs.org/is-dotfile/-/is-dotfile-1.0.2.tgz",
      "integrity": "sha1-LBMjg/ORmfjtwmjKAbmwB9IFzE0=",
      "dev": true
    },
    "is-equal-shallow": {
      "version": "https://registry.npmjs.org/is-equal-shallow/-/is-equal-shallow-0.1.3.tgz",
      "integrity": "sha1-IjgJj8Ih3gvPpdnqxMRdY4qhxTQ=",
      "dev": true
    },
    "is-extendable": {
      "version": "https://registry.npmjs.org/is-extendable/-/is-extendable-0.1.1.tgz",
      "integrity": "sha1-YrEQ4omkcUGOPsNqYX1HLjAd/Ik=",
      "dev": true
    },
    "is-extglob": {
      "version": "https://registry.npmjs.org/is-extglob/-/is-extglob-1.0.0.tgz",
      "integrity": "sha1-rEaBd8SUNAWgkvyPKXYMb/xiBsA=",
      "dev": true
    },
    "is-glob": {
      "version": "https://registry.npmjs.org/is-glob/-/is-glob-2.0.1.tgz",
      "integrity": "sha1-0Jb5JqPe1WAPP9/ZEZjLCIjC2GM=",
      "dev": true
    },
    "is-number": {
      "version": "https://registry.npmjs.org/is-number/-/is-number-2.1.0.tgz",
      "integrity": "sha1-Afy7s5NGOlSPL0ZszhbezknbkI8=",
      "dev": true
    },
    "is-posix-bracket": {
      "version": "https://registry.npmjs.org/is-posix-bracket/-/is-posix-bracket-0.1.1.tgz",
      "integrity": "sha1-MzTceXdDaOkvAW5vvAqI9c1ua8Q=",
      "dev": true
    },
    "is-primitive": {
      "version": "https://registry.npmjs.org/is-primitive/-/is-primitive-2.0.0.tgz",
      "integrity": "sha1-IHurkWOEmcB7Kt8kCkGochADRXU=",
      "dev": true
    },
    "isarray": {
      "version": "https://registry.npmjs.org/isarray/-/isarray-1.0.0.tgz",
      "integrity": "sha1-u5NdSFgsuhaMBoNJV6VKPgcSTxE=",
      "dev": true
    },
    "isobject": {
      "version": "https://registry.npmjs.org/isobject/-/isobject-2.1.0.tgz",
      "integrity": "sha1-8GVWEJaj8dou9GJy+BXIQNh+DIk=",
      "dev": true
    },
    "kind-of": {
      "version": "https://registry.npmjs.org/kind-of/-/kind-of-3.2.0.tgz",
      "integrity": "sha1-tYq+TVwEStM3JqjBUltIz4kb/wc=",
      "dev": true
    },
    "livereload-js": {
      "version": "2.2.2",
      "resolved": "https://registry.npmjs.org/livereload-js/-/livereload-js-2.2.2.tgz",
      "integrity": "sha1-bIclfmSKtHW8JOoldFftzB+NC8I=",
      "dev": true
    },
    "micromatch": {
      "version": "http://localhost:4873/micromatch/-/micromatch-2.3.11.tgz",
      "integrity": "sha1-hmd8l9FyCzY0MdBNDRUpO9OMFWU=",
      "dev": true
    },
    "minimatch": {
      "version": "https://registry.npmjs.org/minimatch/-/minimatch-3.0.4.tgz",
      "integrity": "sha1-UWbihkV/AzBgZL5Ul+jbsMPTIIM=",
      "dev": true
    },
    "minimist": {
      "version": "1.2.0",
      "resolved": "https://registry.npmjs.org/minimist/-/minimist-1.2.0.tgz",
      "integrity": "sha1-o1AIsg9BOD7sH7kU9M1d95omQoQ=",
      "dev": true
    },
    "ms": {
      "version": "2.0.0",
      "resolved": "https://registry.npmjs.org/ms/-/ms-2.0.0.tgz",
      "integrity": "sha1-VgiurfwAvmwpAd9fmGF4jeDVl8g=",
      "dev": true
    },
    "nan": {
      "version": "2.6.2",
      "resolved": "https://registry.npmjs.org/nan/-/nan-2.6.2.tgz",
      "integrity": "sha1-5P805slf37WuzAjeZZb0NgWn20U=",
      "dev": true,
      "optional": true
    },
    "node-emoji": {
      "version": "1.5.1",
      "resolved": "https://registry.npmjs.org/node-emoji/-/node-emoji-1.5.1.tgz",
      "integrity": "sha1-/ZGOQSdpv4xEgFEjgjOECyr/FqE=",
      "dev": true
    },
    "normalize-path": {
      "version": "https://registry.npmjs.org/normalize-path/-/normalize-path-2.1.1.tgz",
      "integrity": "sha1-GrKLVW4Zg2Oowab35vogE3/mrtk=",
      "dev": true
    },
    "object-assign": {
      "version": "4.1.1",
      "resolved": "https://registry.npmjs.org/object-assign/-/object-assign-4.1.1.tgz",
      "integrity": "sha1-IQmtx5ZYh8/AXLvUQsrIv7s2CGM=",
      "dev": true
    },
    "object.omit": {
      "version": "https://registry.npmjs.org/object.omit/-/object.omit-2.0.1.tgz",
      "integrity": "sha1-Gpx0SCnznbuFjHbKNXmuKlTr0fo=",
      "dev": true
    },
    "on-finished": {
      "version": "2.3.0",
      "resolved": "https://registry.npmjs.org/on-finished/-/on-finished-2.3.0.tgz",
      "integrity": "sha1-IPEzZIGwg811M3mSoWlxqi2QaUc=",
      "dev": true
    },
    "parse-glob": {
      "version": "https://registry.npmjs.org/parse-glob/-/parse-glob-3.0.4.tgz",
      "integrity": "sha1-ssN2z7EfNVE7rdFz7wu246OIORw=",
      "dev": true
    },
    "parseurl": {
      "version": "1.3.1",
      "resolved": "https://registry.npmjs.org/parseurl/-/parseurl-1.3.1.tgz",
      "integrity": "sha1-yKuMkiO6NIiKpkopeyiFO+wY2lY=",
      "dev": true
    },
    "path-is-absolute": {
      "version": "https://registry.npmjs.org/path-is-absolute/-/path-is-absolute-1.0.1.tgz",
      "integrity": "sha1-F0uSaHNVNP+8es5r9TpanhtcX18=",
      "dev": true
    },
    "preserve": {
      "version": "https://registry.npmjs.org/preserve/-/preserve-0.2.0.tgz",
      "integrity": "sha1-gV7R9uvGWSb4ZbMQwHE7yzMVzks=",
      "dev": true
    },
    "process-nextick-args": {
      "version": "https://registry.npmjs.org/process-nextick-args/-/process-nextick-args-1.0.7.tgz",
      "integrity": "sha1-FQ4gt1ZZCtP5EJPyWk8q2L/zC6M=",
      "dev": true
    },
    "qs": {
      "version": "6.4.0",
      "resolved": "https://registry.npmjs.org/qs/-/qs-6.4.0.tgz",
      "integrity": "sha1-E+JtKK1rD/qpExLNO/cI7TUecjM=",
      "dev": true
    },
    "randomatic": {
      "version": "https://registry.npmjs.org/randomatic/-/randomatic-1.1.6.tgz",
      "integrity": "sha1-EQ3Kv/OX6dz/fAeJzMCkmt8exbs=",
      "dev": true
    },
    "range-parser": {
      "version": "1.2.0",
      "resolved": "https://registry.npmjs.org/range-parser/-/range-parser-1.2.0.tgz",
      "integrity": "sha1-9JvmtIeJTdxA3MlKMi9hEJLgDV4=",
      "dev": true
    },
    "raw-body": {
      "version": "1.1.7",
      "resolved": "https://registry.npmjs.org/raw-body/-/raw-body-1.1.7.tgz",
      "integrity": "sha1-HQJ8K/oRasxmI7yo8AAWVyqH1CU=",
      "dev": true,
      "dependencies": {
        "string_decoder": {
          "version": "0.10.31",
          "resolved": "https://registry.npmjs.org/string_decoder/-/string_decoder-0.10.31.tgz",
          "integrity": "sha1-YuIDvEF2bGwoyfyEMB2rHFMQ+pQ=",
          "dev": true
        }
      }
    },
    "readable-stream": {
      "version": "https://registry.npmjs.org/readable-stream/-/readable-stream-2.2.9.tgz",
      "integrity": "sha1-z3jsb0ptHrQ9JkiMrJfwQudLf8g=",
      "dev": true
    },
    "readdirp": {
      "version": "http://localhost:4873/readdirp/-/readdirp-2.1.0.tgz",
      "integrity": "sha1-TtCtBg3zBzMAxIRANz9y0cxkLXg=",
      "dev": true
    },
    "regex-cache": {
      "version": "https://registry.npmjs.org/regex-cache/-/regex-cache-0.4.3.tgz",
      "integrity": "sha1-mxpsNdTQ3871cRrmUejp09cRQUU=",
      "dev": true
    },
    "remove-trailing-separator": {
      "version": "https://registry.npmjs.org/remove-trailing-separator/-/remove-trailing-separator-1.0.1.tgz",
      "integrity": "sha1-YV67lq9VlVLUv0BXyENtSGq2PMQ=",
      "dev": true
    },
    "repeat-element": {
      "version": "https://registry.npmjs.org/repeat-element/-/repeat-element-1.1.2.tgz",
      "integrity": "sha1-7wiaF40Ug7quTZPrmLT55OEdmQo=",
      "dev": true
    },
    "repeat-string": {
      "version": "https://registry.npmjs.org/repeat-string/-/repeat-string-1.6.1.tgz",
      "integrity": "sha1-jcrkcOHIirwtYA//Sndihtp15jc=",
      "dev": true
    },
    "require-from-string": {
      "version": "1.2.1",
      "resolved": "https://registry.npmjs.org/require-from-string/-/require-from-string-1.2.1.tgz",
      "integrity": "sha1-UpyczvJzgK3+yaL5ZbZJu+5jZBg=",
      "dev": true
    },
    "resp-modifier": {
      "version": "6.0.2",
      "resolved": "https://registry.npmjs.org/resp-modifier/-/resp-modifier-6.0.2.tgz",
      "integrity": "sha1-sSTeXE+6/LpUH0j/pzlw9KpFa08=",
      "dev": true
    },
    "rollup": {
      "version": "0.41.6",
      "resolved": "https://registry.npmjs.org/rollup/-/rollup-0.41.6.tgz",
      "integrity": "sha1-4NBUl4d6OYwQTYFtJzOnGKepTio=",
      "dev": true
    },
    "rulo": {
      "version": "0.4.1",
      "resolved": "https://registry.npmjs.org/rulo/-/rulo-0.4.1.tgz",
      "integrity": "sha1-hXaVnMcdePHJH2Wt81WM/XjEbuo=",
      "dev": true
    },
    "safe-json-parse": {
      "version": "1.0.1",
      "resolved": "https://registry.npmjs.org/safe-json-parse/-/safe-json-parse-1.0.1.tgz",
      "integrity": "sha1-PnZyPjjf3aE8mx0poeB//uSzC1c=",
      "dev": true
    },
    "send": {
      "version": "0.15.3",
      "resolved": "https://registry.npmjs.org/send/-/send-0.15.3.tgz",
      "integrity": "sha1-UBP5+ZAj31DRvZiSwZ4979HVMwk=",
      "dev": true,
      "dependencies": {
        "debug": {
          "version": "2.6.7",
          "resolved": "https://registry.npmjs.org/debug/-/debug-2.6.7.tgz",
          "integrity": "sha1-krrR9tBbu2u6Isyoi80OyJTChh4=",
          "dev": true
        },
        "mime": {
          "version": "1.3.4",
          "resolved": "https://registry.npmjs.org/mime/-/mime-1.3.4.tgz",
          "integrity": "sha1-EV+eO2s9rylZmDyzjxSaLUDrXVM=",
          "dev": true
        }
      }
    },
    "serve-static": {
      "version": "1.12.3",
      "resolved": "https://registry.npmjs.org/serve-static/-/serve-static-1.12.3.tgz",
      "integrity": "sha1-n0uhni8wMMVH+K+ZEHg47DjVseI=",
      "dev": true
    },
    "set-immediate-shim": {
      "version": "http://localhost:4873/set-immediate-shim/-/set-immediate-shim-1.0.1.tgz",
      "integrity": "sha1-SysbJ+uAip+NzEgaWOXlb1mfP2E=",
      "dev": true
    },
    "setprototypeof": {
      "version": "1.0.3",
      "resolved": "https://registry.npmjs.org/setprototypeof/-/setprototypeof-1.0.3.tgz",
      "integrity": "sha1-ZlZ+NwQ+608E2RvWWMDL77VbjgQ=",
      "dev": true
    },
    "source-map": {
      "version": "0.5.6",
      "resolved": "https://registry.npmjs.org/source-map/-/source-map-0.5.6.tgz",
      "integrity": "sha1-dc449SvwczxafwwRjYEzSiu19BI=",
      "dev": true
    },
    "source-map-support": {
      "version": "0.4.15",
      "resolved": "https://registry.npmjs.org/source-map-support/-/source-map-support-0.4.15.tgz",
      "integrity": "sha1-AyAt9lwG0r2MfsI2KhkwVv7407E=",
      "dev": true
    },
    "stacked": {
      "version": "1.1.1",
      "resolved": "https://registry.npmjs.org/stacked/-/stacked-1.1.1.tgz",
      "integrity": "sha1-LH+jjMfjejQRp3zY55LeRI+faXU=",
      "dev": true
    },
    "statuses": {
      "version": "1.3.1",
      "resolved": "https://registry.npmjs.org/statuses/-/statuses-1.3.1.tgz",
      "integrity": "sha1-+vUbnrdKrvOzrPStX2Gr8ky3uT4=",
      "dev": true
    },
    "string_decoder": {
      "version": "https://registry.npmjs.org/string_decoder/-/string_decoder-1.0.0.tgz",
      "integrity": "sha1-8G9BFXtmTYYGn4S9vcmw2KsoFmc=",
      "dev": true
    },
    "string-template": {
      "version": "0.2.1",
      "resolved": "https://registry.npmjs.org/string-template/-/string-template-0.2.1.tgz",
      "integrity": "sha1-QpMuWYo1LQH8IuwzZ9nYTuxsmt0=",
      "dev": true
    },
    "string.prototype.codepointat": {
      "version": "0.2.0",
      "resolved": "https://registry.npmjs.org/string.prototype.codepointat/-/string.prototype.codepointat-0.2.0.tgz",
      "integrity": "sha1-aybpvTr8qnvjtCabUm3huCAArHg=",
      "dev": true
    },
    "supports-color": {
      "version": "1.3.1",
      "resolved": "https://registry.npmjs.org/supports-color/-/supports-color-1.3.1.tgz",
      "integrity": "sha1-FXWN8J2P87SswwdTn6vicJXhBC0=",
      "dev": true
    },
    "term-color": {
      "version": "1.0.1",
      "resolved": "https://registry.npmjs.org/term-color/-/term-color-1.0.1.tgz",
      "integrity": "sha1-OOGSVTpHPjXkFgT/UZmEa/gRejo=",
      "dev": true
    },
    "tiny-lr": {
      "version": "1.0.4",
      "resolved": "https://registry.npmjs.org/tiny-lr/-/tiny-lr-1.0.4.tgz",
      "integrity": "sha1-0Tvs83+LfpYzIPV0Mpjj6TTHMpo=",
      "dev": true,
      "dependencies": {
        "debug": {
          "version": "2.2.0",
          "resolved": "https://registry.npmjs.org/debug/-/debug-2.2.0.tgz",
          "integrity": "sha1-+HBX6ZWxofauaklgZkE3vFbwOdo=",
          "dev": true
        },
        "ms": {
          "version": "0.7.1",
          "resolved": "https://registry.npmjs.org/ms/-/ms-0.7.1.tgz",
          "integrity": "sha1-nNE8A62/8ltl7/3nzoZO6VIBcJg=",
          "dev": true
        }
      }
    },
    "util-deprecate": {
      "version": "https://registry.npmjs.org/util-deprecate/-/util-deprecate-1.0.2.tgz",
      "integrity": "sha1-RQ1Nyfpw3nMnYvvS1KKJgUGaDM8=",
      "dev": true
    },
    "websocket-driver": {
      "version": "0.6.5",
      "resolved": "https://registry.npmjs.org/websocket-driver/-/websocket-driver-0.6.5.tgz",
      "integrity": "sha1-XLJVbOuF9Dc8bYI4qmkchFThOjY=",
      "dev": true
    },
    "websocket-extensions": {
      "version": "0.1.1",
      "resolved": "https://registry.npmjs.org/websocket-extensions/-/websocket-extensions-0.1.1.tgz",
      "integrity": "sha1-domUmcGEtu91Q3fC27DNbLVdKec=",
      "dev": true
    },
    "xtend": {
      "version": "4.0.1",
      "resolved": "https://registry.npmjs.org/xtend/-/xtend-4.0.1.tgz",
      "integrity": "sha1-pcbVMr5lbiPbgg77lDofBJmNY68=",
      "dev": true
    }
  }
}
